
Microsoft Visual Studio Solution File, Format Version 12.00
# Visual Studio 15
VisualStudioVersion = 15.0.28307.645
MinimumVisualStudioVersion = 10.0.40219.1
Project("{FAE04EC0-301F-11D3-BF4B-00C04F79EFBC}") = "calculos", "calculos\calculos.csproj", "{95B34E05-1EA4-469B-AA50-F9EAE329846B}"
EndProject
Global
	GlobalSection(SolutionConfigurationPlatforms) = preSolution
		Debug|Any CPU = Debug|Any CPU
		Release|Any CPU = Release|Any CPU
	EndGlobalSection
	GlobalSection(ProjectConfigurationPlatforms) = postSolution
		{95B34E05-1EA4-469B-AA50-F9EAE329846B}.Debug|Any CPU.ActiveCfg = Debug|Any CPU
		{95B34E05-1EA4-469B-AA50-F9EAE329846B}.Debug|Any CPU.Build.0 = Debug|Any CPU
		{95B34E05-1EA4-469B-AA50-F9EAE329846B}.Release|Any CPU.ActiveCfg = Release|Any CPU
		{95B34E05-1EA4-469B-AA50-F9EAE329846B}.Release|Any CPU.Build.0 = Release|Any CPU
	EndGlobalSection
	GlobalSection(SolutionProperties) = preSolution
		HideSolutionNode = FALSE
	EndGlobalSection
	GlobalSection(ExtensibilityGlobals) = postSolution
		SolutionGuid = {38FDDE71-FB7A-4B41-AC85-C0BE79836D2D}
	EndGlobalSection
EndGlobal
