
Microsoft Visual Studio Solution File, Format Version 12.00
# Visual Studio 15
VisualStudioVersion = 15.0.28307.645
MinimumVisualStudioVersion = 10.0.40219.1
Project("{FAE04EC0-301F-11D3-BF4B-00C04F79EFBC}") = "PrimeiroProjeto", "PrimeiroProjeto.csproj", "{04233711-7084-494C-BA5F-B62E408E12EA}"
EndProject
Global
	GlobalSection(SolutionConfigurationPlatforms) = preSolution
		Debug|Any CPU = Debug|Any CPU
		Release|Any CPU = Release|Any CPU
	EndGlobalSection
	GlobalSection(ProjectConfigurationPlatforms) = postSolution
		{04233711-7084-494C-BA5F-B62E408E12EA}.Debug|Any CPU.ActiveCfg = Debug|Any CPU
		{04233711-7084-494C-BA5F-B62E408E12EA}.Debug|Any CPU.Build.0 = Debug|Any CPU
		{04233711-7084-494C-BA5F-B62E408E12EA}.Release|Any CPU.ActiveCfg = Release|Any CPU
		{04233711-7084-494C-BA5F-B62E408E12EA}.Release|Any CPU.Build.0 = Release|Any CPU
	EndGlobalSection
	GlobalSection(SolutionProperties) = preSolution
		HideSolutionNode = FALSE
	EndGlobalSection
	GlobalSection(ExtensibilityGlobals) = postSolution
		SolutionGuid = {ED9285E7-18D7-41C5-A566-2A93119BEF3A}
	EndGlobalSection
EndGlobal
