
Microsoft Visual Studio Solution File, Format Version 12.00
# Visual Studio 15
VisualStudioVersion = 15.0.28307.645
MinimumVisualStudioVersion = 10.0.40219.1
Project("{FAE04EC0-301F-11D3-BF4B-00C04F79EFBC}") = "CriandoVariaveisPontosFlutuantes_Double", "CriandoVariaveisPontosFlutuantes_Double.csproj", "{EC2463F0-0E1A-47DC-AFCF-FE6DAD2FCAAA}"
EndProject
Global
	GlobalSection(SolutionConfigurationPlatforms) = preSolution
		Debug|Any CPU = Debug|Any CPU
		Release|Any CPU = Release|Any CPU
	EndGlobalSection
	GlobalSection(ProjectConfigurationPlatforms) = postSolution
		{EC2463F0-0E1A-47DC-AFCF-FE6DAD2FCAAA}.Debug|Any CPU.ActiveCfg = Debug|Any CPU
		{EC2463F0-0E1A-47DC-AFCF-FE6DAD2FCAAA}.Debug|Any CPU.Build.0 = Debug|Any CPU
		{EC2463F0-0E1A-47DC-AFCF-FE6DAD2FCAAA}.Release|Any CPU.ActiveCfg = Release|Any CPU
		{EC2463F0-0E1A-47DC-AFCF-FE6DAD2FCAAA}.Release|Any CPU.Build.0 = Release|Any CPU
	EndGlobalSection
	GlobalSection(SolutionProperties) = preSolution
		HideSolutionNode = FALSE
	EndGlobalSection
	GlobalSection(ExtensibilityGlobals) = postSolution
		SolutionGuid = {906934C4-7200-46BC-972A-EE590600C775}
	EndGlobalSection
EndGlobal
