
Microsoft Visual Studio Solution File, Format Version 12.00
# Visual Studio 15
VisualStudioVersion = 15.0.28307.645
MinimumVisualStudioVersion = 10.0.40219.1
Project("{FAE04EC0-301F-11D3-BF4B-00C04F79EFBC}") = "Digite_GuardeVariavel_ExibirTela", "Digite_GuardeVariavel_ExibirTela\Digite_GuardeVariavel_ExibirTela.csproj", "{2018CD67-82DD-4D3C-94B0-D72C66CBE94D}"
EndProject
Global
	GlobalSection(SolutionConfigurationPlatforms) = preSolution
		Debug|Any CPU = Debug|Any CPU
		Release|Any CPU = Release|Any CPU
	EndGlobalSection
	GlobalSection(ProjectConfigurationPlatforms) = postSolution
		{2018CD67-82DD-4D3C-94B0-D72C66CBE94D}.Debug|Any CPU.ActiveCfg = Debug|Any CPU
		{2018CD67-82DD-4D3C-94B0-D72C66CBE94D}.Debug|Any CPU.Build.0 = Debug|Any CPU
		{2018CD67-82DD-4D3C-94B0-D72C66CBE94D}.Release|Any CPU.ActiveCfg = Release|Any CPU
		{2018CD67-82DD-4D3C-94B0-D72C66CBE94D}.Release|Any CPU.Build.0 = Release|Any CPU
	EndGlobalSection
	GlobalSection(SolutionProperties) = preSolution
		HideSolutionNode = FALSE
	EndGlobalSection
	GlobalSection(ExtensibilityGlobals) = postSolution
		SolutionGuid = {422AB1E3-FD36-4ABD-A74B-4AA3C691BEB0}
	EndGlobalSection
EndGlobal
