
Microsoft Visual Studio Solution File, Format Version 12.00
# Visual Studio 15
VisualStudioVersion = 15.0.28307.645
MinimumVisualStudioVersion = 10.0.40219.1
Project("{FAE04EC0-301F-11D3-BF4B-00C04F79EFBC}") = "ConvercaoEOutrosTiposNumericos", "ConvercaoEOutrosTiposNumericos.csproj", "{BD71E8C9-5865-4E4A-88E7-621042D252FC}"
EndProject
Global
	GlobalSection(SolutionConfigurationPlatforms) = preSolution
		Debug|Any CPU = Debug|Any CPU
		Release|Any CPU = Release|Any CPU
	EndGlobalSection
	GlobalSection(ProjectConfigurationPlatforms) = postSolution
		{BD71E8C9-5865-4E4A-88E7-621042D252FC}.Debug|Any CPU.ActiveCfg = Debug|Any CPU
		{BD71E8C9-5865-4E4A-88E7-621042D252FC}.Debug|Any CPU.Build.0 = Debug|Any CPU
		{BD71E8C9-5865-4E4A-88E7-621042D252FC}.Release|Any CPU.ActiveCfg = Release|Any CPU
		{BD71E8C9-5865-4E4A-88E7-621042D252FC}.Release|Any CPU.Build.0 = Release|Any CPU
	EndGlobalSection
	GlobalSection(SolutionProperties) = preSolution
		HideSolutionNode = FALSE
	EndGlobalSection
	GlobalSection(ExtensibilityGlobals) = postSolution
		SolutionGuid = {1FAB200B-1BA3-4797-BB09-7BE5FC93D338}
	EndGlobalSection
EndGlobal
