
Microsoft Visual Studio Solution File, Format Version 12.00
# Visual Studio 15
VisualStudioVersion = 15.0.28307.645
MinimumVisualStudioVersion = 10.0.40219.1
Project("{FAE04EC0-301F-11D3-BF4B-00C04F79EFBC}") = "Calcular_while_switch", "Calcular_while_switch\Calcular_while_switch.csproj", "{EE93CBFA-50CA-4194-8A29-706BACBD2210}"
EndProject
Global
	GlobalSection(SolutionConfigurationPlatforms) = preSolution
		Debug|Any CPU = Debug|Any CPU
		Release|Any CPU = Release|Any CPU
	EndGlobalSection
	GlobalSection(ProjectConfigurationPlatforms) = postSolution
		{EE93CBFA-50CA-4194-8A29-706BACBD2210}.Debug|Any CPU.ActiveCfg = Debug|Any CPU
		{EE93CBFA-50CA-4194-8A29-706BACBD2210}.Debug|Any CPU.Build.0 = Debug|Any CPU
		{EE93CBFA-50CA-4194-8A29-706BACBD2210}.Release|Any CPU.ActiveCfg = Release|Any CPU
		{EE93CBFA-50CA-4194-8A29-706BACBD2210}.Release|Any CPU.Build.0 = Release|Any CPU
	EndGlobalSection
	GlobalSection(SolutionProperties) = preSolution
		HideSolutionNode = FALSE
	EndGlobalSection
	GlobalSection(ExtensibilityGlobals) = postSolution
		SolutionGuid = {327D5BA7-CDB4-49AE-81C2-128201682734}
	EndGlobalSection
EndGlobal
