
Microsoft Visual Studio Solution File, Format Version 12.00
# Visual Studio 15
VisualStudioVersion = 15.0.28307.645
MinimumVisualStudioVersion = 10.0.40219.1
Project("{FAE04EC0-301F-11D3-BF4B-00C04F79EFBC}") = "Cauculo_Condicionais_Se", "Cauculo_Condicionais_Se\Cauculo_Condicionais_Se.csproj", "{B49C3B07-43EA-4B47-9760-2AE0EE190BDA}"
EndProject
Global
	GlobalSection(SolutionConfigurationPlatforms) = preSolution
		Debug|Any CPU = Debug|Any CPU
		Release|Any CPU = Release|Any CPU
	EndGlobalSection
	GlobalSection(ProjectConfigurationPlatforms) = postSolution
		{B49C3B07-43EA-4B47-9760-2AE0EE190BDA}.Debug|Any CPU.ActiveCfg = Debug|Any CPU
		{B49C3B07-43EA-4B47-9760-2AE0EE190BDA}.Debug|Any CPU.Build.0 = Debug|Any CPU
		{B49C3B07-43EA-4B47-9760-2AE0EE190BDA}.Release|Any CPU.ActiveCfg = Release|Any CPU
		{B49C3B07-43EA-4B47-9760-2AE0EE190BDA}.Release|Any CPU.Build.0 = Release|Any CPU
	EndGlobalSection
	GlobalSection(SolutionProperties) = preSolution
		HideSolutionNode = FALSE
	EndGlobalSection
	GlobalSection(ExtensibilityGlobals) = postSolution
		SolutionGuid = {A7461F5C-E848-409F-BEB9-71D03B15745C}
	EndGlobalSection
EndGlobal
